
Microsoft Visual Studio Solution File, Format Version 12.00
# Visual Studio Version 16
VisualStudioVersion = 16.0.32510.428
MinimumVisualStudioVersion = 10.0.40219.1
Project("{FAE04EC0-301F-11D3-BF4B-00C04F79EFBC}") = "SpotiMatchAPI.NET", "SpotiMatchAPI.NET.csproj", "{81A0F57E-8863-4B88-B880-783BC1CD6322}"
EndProject
Global
	GlobalSection(SolutionConfigurationPlatforms) = preSolution
		Debug|Any CPU = Debug|Any CPU
		Release|Any CPU = Release|Any CPU
	EndGlobalSection
	GlobalSection(ProjectConfigurationPlatforms) = postSolution
		{81A0F57E-8863-4B88-B880-783BC1CD6322}.Debug|Any CPU.ActiveCfg = Debug|Any CPU
		{81A0F57E-8863-4B88-B880-783BC1CD6322}.Debug|Any CPU.Build.0 = Debug|Any CPU
		{81A0F57E-8863-4B88-B880-783BC1CD6322}.Release|Any CPU.ActiveCfg = Release|Any CPU
		{81A0F57E-8863-4B88-B880-783BC1CD6322}.Release|Any CPU.Build.0 = Release|Any CPU
	EndGlobalSection
	GlobalSection(SolutionProperties) = preSolution
		HideSolutionNode = FALSE
	EndGlobalSection
	GlobalSection(ExtensibilityGlobals) = postSolution
		SolutionGuid = {DE76D5CF-EEA5-43B2-A723-21191CCE0B4F}
	EndGlobalSection
EndGlobal
